
Microsoft Visual Studio Solution File, Format Version 12.00
# Visual Studio 14
VisualStudioVersion = 14.0.25123.0
MinimumVisualStudioVersion = 10.0.40219.1
Project("{FAE04EC0-301F-11D3-BF4B-00C04F79EFBC}") = "Biblioteka", "Biblioteka\Biblioteka.csproj", "{F99ABD71-C87E-42B4-BE89-FCF3FE932657}"
EndProject
Project("{FAE04EC0-301F-11D3-BF4B-00C04F79EFBC}") = "Konzola", "Konzola\Konzola.csproj", "{C2132A9F-310B-46DF-9B1F-3EAA9EDFB7A7}"
EndProject
Global
	GlobalSection(SolutionConfigurationPlatforms) = preSolution
		Debug|Any CPU = Debug|Any CPU
		Release|Any CPU = Release|Any CPU
	EndGlobalSection
	GlobalSection(ProjectConfigurationPlatforms) = postSolution
		{F99ABD71-C87E-42B4-BE89-FCF3FE932657}.Debug|Any CPU.ActiveCfg = Debug|Any CPU
		{F99ABD71-C87E-42B4-BE89-FCF3FE932657}.Debug|Any CPU.Build.0 = Debug|Any CPU
		{F99ABD71-C87E-42B4-BE89-FCF3FE932657}.Release|Any CPU.ActiveCfg = Release|Any CPU
		{F99ABD71-C87E-42B4-BE89-FCF3FE932657}.Release|Any CPU.Build.0 = Release|Any CPU
		{C2132A9F-310B-46DF-9B1F-3EAA9EDFB7A7}.Debug|Any CPU.ActiveCfg = Debug|Any CPU
		{C2132A9F-310B-46DF-9B1F-3EAA9EDFB7A7}.Debug|Any CPU.Build.0 = Debug|Any CPU
		{C2132A9F-310B-46DF-9B1F-3EAA9EDFB7A7}.Release|Any CPU.ActiveCfg = Release|Any CPU
		{C2132A9F-310B-46DF-9B1F-3EAA9EDFB7A7}.Release|Any CPU.Build.0 = Release|Any CPU
	EndGlobalSection
	GlobalSection(SolutionProperties) = preSolution
		HideSolutionNode = FALSE
	EndGlobalSection
EndGlobal
