
Microsoft Visual Studio Solution File, Format Version 12.00
# Visual Studio 14
VisualStudioVersion = 14.0.25123.0
MinimumVisualStudioVersion = 10.0.40219.1
Project("{FAE04EC0-301F-11D3-BF4B-00C04F79EFBC}") = "Biblioteka", "Biblioteka\Biblioteka.csproj", "{23E2B5B2-4FB2-43F8-9FBD-86121E6C9D77}"
EndProject
Project("{FAE04EC0-301F-11D3-BF4B-00C04F79EFBC}") = "Konzola", "Konzola\Konzola.csproj", "{FEDEA6BF-4D3C-4FFF-AB33-EC9B141006DB}"
EndProject
Global
	GlobalSection(SolutionConfigurationPlatforms) = preSolution
		Debug|Any CPU = Debug|Any CPU
		Release|Any CPU = Release|Any CPU
	EndGlobalSection
	GlobalSection(ProjectConfigurationPlatforms) = postSolution
		{23E2B5B2-4FB2-43F8-9FBD-86121E6C9D77}.Debug|Any CPU.ActiveCfg = Debug|Any CPU
		{23E2B5B2-4FB2-43F8-9FBD-86121E6C9D77}.Debug|Any CPU.Build.0 = Debug|Any CPU
		{23E2B5B2-4FB2-43F8-9FBD-86121E6C9D77}.Release|Any CPU.ActiveCfg = Release|Any CPU
		{23E2B5B2-4FB2-43F8-9FBD-86121E6C9D77}.Release|Any CPU.Build.0 = Release|Any CPU
		{FEDEA6BF-4D3C-4FFF-AB33-EC9B141006DB}.Debug|Any CPU.ActiveCfg = Debug|Any CPU
		{FEDEA6BF-4D3C-4FFF-AB33-EC9B141006DB}.Debug|Any CPU.Build.0 = Debug|Any CPU
		{FEDEA6BF-4D3C-4FFF-AB33-EC9B141006DB}.Release|Any CPU.ActiveCfg = Release|Any CPU
		{FEDEA6BF-4D3C-4FFF-AB33-EC9B141006DB}.Release|Any CPU.Build.0 = Release|Any CPU
	EndGlobalSection
	GlobalSection(SolutionProperties) = preSolution
		HideSolutionNode = FALSE
	EndGlobalSection
EndGlobal
